// !$*UTF8*$!
{
	archiveVersion = 1;
	classes = {
	};
	objectVersion = 52;
	objects = {

/* Begin PBXBuildFile section */
		85B3572725FEB5B9003A02D4 /* realm-js-ios.xcframework in Frameworks */ = {isa = PBXBuildFile; fileRef = 85B3572625FEB5B9003A02D4 /* realm-js-ios.xcframework */; };
		85B358EA25FF80CF003A02D4 /* GCDWebServerResponse.m in Sources */ = {isa = PBXBuildFile; fileRef = 85B358CE25FF80CF003A02D4 /* GCDWebServerResponse.m */; };
		85B358EB25FF80CF003A02D4 /* GCDWebServerRequest.m in Sources */ = {isa = PBXBuildFile; fileRef = 85B358D125FF80CF003A02D4 /* GCDWebServerRequest.m */; };
		85B358EC25FF80CF003A02D4 /* GCDWebServerFunctions.m in Sources */ = {isa = PBXBuildFile; fileRef = 85B358D425FF80CF003A02D4 /* GCDWebServerFunctions.m */; };
		85B358ED25FF80CF003A02D4 /* GCDWebServer.m in Sources */ = {isa = PBXBuildFile; fileRef = 85B358D525FF80CF003A02D4 /* GCDWebServer.m */; };
		85B358EE25FF80CF003A02D4 /* GCDWebServerConnection.m in Sources */ = {isa = PBXBuildFile; fileRef = 85B358D625FF80CF003A02D4 /* GCDWebServerConnection.m */; };
		85B358EF25FF80CF003A02D4 /* GCDWebServerErrorResponse.m in Sources */ = {isa = PBXBuildFile; fileRef = 85B358DB25FF80CF003A02D4 /* GCDWebServerErrorResponse.m */; };
		85B358F025FF80CF003A02D4 /* GCDWebServerFileResponse.m in Sources */ = {isa = PBXBuildFile; fileRef = 85B358DD25FF80CF003A02D4 /* GCDWebServerFileResponse.m */; };
		85B358F125FF80CF003A02D4 /* GCDWebServerDataResponse.m in Sources */ = {isa = PBXBuildFile; fileRef = 85B358DE25FF80CF003A02D4 /* GCDWebServerDataResponse.m */; };
		85B358F225FF80CF003A02D4 /* GCDWebServerStreamedResponse.m in Sources */ = {isa = PBXBuildFile; fileRef = 85B358E025FF80CF003A02D4 /* GCDWebServerStreamedResponse.m */; };
		85B358F325FF80CF003A02D4 /* GCDWebServerURLEncodedFormRequest.m in Sources */ = {isa = PBXBuildFile; fileRef = 85B358E525FF80CF003A02D4 /* GCDWebServerURLEncodedFormRequest.m */; };
		85B358F425FF80CF003A02D4 /* GCDWebServerMultiPartFormRequest.m in Sources */ = {isa = PBXBuildFile; fileRef = 85B358E625FF80CF003A02D4 /* GCDWebServerMultiPartFormRequest.m */; };
		85B358F525FF80CF003A02D4 /* GCDWebServerDataRequest.m in Sources */ = {isa = PBXBuildFile; fileRef = 85B358E725FF80CF003A02D4 /* GCDWebServerDataRequest.m */; };
		85B358F625FF80CF003A02D4 /* GCDWebServerFileRequest.m in Sources */ = {isa = PBXBuildFile; fileRef = 85B358E825FF80CF003A02D4 /* GCDWebServerFileRequest.m */; };
		85B358F925FF80DB003A02D4 /* libGCDWebServer.a in Frameworks */ = {isa = PBXBuildFile; fileRef = 85B358BB25FF8070003A02D4 /* libGCDWebServer.a */; };
		F60690171CA2766F0003FB26 /* RealmReact.h in Copy Headers */ = {isa = PBXBuildFile; fileRef = F60690161CA2766F0003FB26 /* RealmReact.h */; };
		F60690191CA2766F0003FB26 /* RealmReact.mm in Sources */ = {isa = PBXBuildFile; fileRef = F60690181CA2766F0003FB26 /* RealmReact.mm */; };
		F60690211CA277410003FB26 /* RealmAnalytics.mm in Sources */ = {isa = PBXBuildFile; fileRef = F60690201CA277410003FB26 /* RealmAnalytics.mm */; };
/* End PBXBuildFile section */

/* Begin PBXCopyFilesBuildPhase section */
		85B358B925FF8070003A02D4 /* CopyFiles */ = {
			isa = PBXCopyFilesBuildPhase;
			buildActionMask = 2147483647;
			dstPath = "include/$(PRODUCT_NAME)";
			dstSubfolderSpec = 16;
			files = (
			);
			runOnlyForDeploymentPostprocessing = 0;
		};
		F60690111CA2766F0003FB26 /* Copy Headers */ = {
			isa = PBXCopyFilesBuildPhase;
			buildActionMask = 2147483647;
			dstPath = "include/$(PRODUCT_NAME)";
			dstSubfolderSpec = 16;
			files = (
				F60690171CA2766F0003FB26 /* RealmReact.h in Copy Headers */,
			);
			name = "Copy Headers";
			runOnlyForDeploymentPostprocessing = 0;
		};
/* End PBXCopyFilesBuildPhase section */

/* Begin PBXFileReference section */
		3F8D968A220CE21400327C8C /* RealmReact.xcconfig */ = {isa = PBXFileReference; lastKnownFileType = text.xcconfig; path = RealmReact.xcconfig; sourceTree = "<group>"; };
		85B3572625FEB5B9003A02D4 /* realm-js-ios.xcframework */ = {isa = PBXFileReference; lastKnownFileType = wrapper.xcframework; path = "realm-js-ios.xcframework"; sourceTree = "<group>"; };
		85B358BB25FF8070003A02D4 /* libGCDWebServer.a */ = {isa = PBXFileReference; explicitFileType = archive.ar; includeInIndex = 0; path = libGCDWebServer.a; sourceTree = BUILT_PRODUCTS_DIR; };
		85B358CC25FF80CF003A02D4 /* GCDWebServerFunctions.h */ = {isa = PBXFileReference; fileEncoding = 4; lastKnownFileType = sourcecode.c.h; path = GCDWebServerFunctions.h; sourceTree = "<group>"; };
		85B358CD25FF80CF003A02D4 /* GCDWebServerPrivate.h */ = {isa = PBXFileReference; fileEncoding = 4; lastKnownFileType = sourcecode.c.h; path = GCDWebServerPrivate.h; sourceTree = "<group>"; };
		85B358CE25FF80CF003A02D4 /* GCDWebServerResponse.m */ = {isa = PBXFileReference; fileEncoding = 4; lastKnownFileType = sourcecode.c.objc; path = GCDWebServerResponse.m; sourceTree = "<group>"; };
		85B358CF25FF80CF003A02D4 /* GCDWebServerConnection.h */ = {isa = PBXFileReference; fileEncoding = 4; lastKnownFileType = sourcecode.c.h; path = GCDWebServerConnection.h; sourceTree = "<group>"; };
		85B358D025FF80CF003A02D4 /* GCDWebServer.h */ = {isa = PBXFileReference; fileEncoding = 4; lastKnownFileType = sourcecode.c.h; path = GCDWebServer.h; sourceTree = "<group>"; };
		85B358D125FF80CF003A02D4 /* GCDWebServerRequest.m */ = {isa = PBXFileReference; fileEncoding = 4; lastKnownFileType = sourcecode.c.objc; path = GCDWebServerRequest.m; sourceTree = "<group>"; };
		85B358D225FF80CF003A02D4 /* GCDWebServerHTTPStatusCodes.h */ = {isa = PBXFileReference; fileEncoding = 4; lastKnownFileType = sourcecode.c.h; path = GCDWebServerHTTPStatusCodes.h; sourceTree = "<group>"; };
		85B358D325FF80CF003A02D4 /* GCDWebServerResponse.h */ = {isa = PBXFileReference; fileEncoding = 4; lastKnownFileType = sourcecode.c.h; path = GCDWebServerResponse.h; sourceTree = "<group>"; };
		85B358D425FF80CF003A02D4 /* GCDWebServerFunctions.m */ = {isa = PBXFileReference; fileEncoding = 4; lastKnownFileType = sourcecode.c.objc; path = GCDWebServerFunctions.m; sourceTree = "<group>"; };
		85B358D525FF80CF003A02D4 /* GCDWebServer.m */ = {isa = PBXFileReference; fileEncoding = 4; lastKnownFileType = sourcecode.c.objc; path = GCDWebServer.m; sourceTree = "<group>"; };
		85B358D625FF80CF003A02D4 /* GCDWebServerConnection.m */ = {isa = PBXFileReference; fileEncoding = 4; lastKnownFileType = sourcecode.c.objc; path = GCDWebServerConnection.m; sourceTree = "<group>"; };
		85B358D725FF80CF003A02D4 /* GCDWebServerRequest.h */ = {isa = PBXFileReference; fileEncoding = 4; lastKnownFileType = sourcecode.c.h; path = GCDWebServerRequest.h; sourceTree = "<group>"; };
		85B358D925FF80CF003A02D4 /* GCDWebServerFileResponse.h */ = {isa = PBXFileReference; fileEncoding = 4; lastKnownFileType = sourcecode.c.h; path = GCDWebServerFileResponse.h; sourceTree = "<group>"; };
		85B358DA25FF80CF003A02D4 /* GCDWebServerStreamedResponse.h */ = {isa = PBXFileReference; fileEncoding = 4; lastKnownFileType = sourcecode.c.h; path = GCDWebServerStreamedResponse.h; sourceTree = "<group>"; };
		85B358DB25FF80CF003A02D4 /* GCDWebServerErrorResponse.m */ = {isa = PBXFileReference; fileEncoding = 4; lastKnownFileType = sourcecode.c.objc; path = GCDWebServerErrorResponse.m; sourceTree = "<group>"; };
		85B358DC25FF80CF003A02D4 /* GCDWebServerDataResponse.h */ = {isa = PBXFileReference; fileEncoding = 4; lastKnownFileType = sourcecode.c.h; path = GCDWebServerDataResponse.h; sourceTree = "<group>"; };
		85B358DD25FF80CF003A02D4 /* GCDWebServerFileResponse.m */ = {isa = PBXFileReference; fileEncoding = 4; lastKnownFileType = sourcecode.c.objc; path = GCDWebServerFileResponse.m; sourceTree = "<group>"; };
		85B358DE25FF80CF003A02D4 /* GCDWebServerDataResponse.m */ = {isa = PBXFileReference; fileEncoding = 4; lastKnownFileType = sourcecode.c.objc; path = GCDWebServerDataResponse.m; sourceTree = "<group>"; };
		85B358DF25FF80CF003A02D4 /* GCDWebServerErrorResponse.h */ = {isa = PBXFileReference; fileEncoding = 4; lastKnownFileType = sourcecode.c.h; path = GCDWebServerErrorResponse.h; sourceTree = "<group>"; };
		85B358E025FF80CF003A02D4 /* GCDWebServerStreamedResponse.m */ = {isa = PBXFileReference; fileEncoding = 4; lastKnownFileType = sourcecode.c.objc; path = GCDWebServerStreamedResponse.m; sourceTree = "<group>"; };
		85B358E225FF80CF003A02D4 /* GCDWebServerDataRequest.h */ = {isa = PBXFileReference; fileEncoding = 4; lastKnownFileType = sourcecode.c.h; path = GCDWebServerDataRequest.h; sourceTree = "<group>"; };
		85B358E325FF80CF003A02D4 /* GCDWebServerMultiPartFormRequest.h */ = {isa = PBXFileReference; fileEncoding = 4; lastKnownFileType = sourcecode.c.h; path = GCDWebServerMultiPartFormRequest.h; sourceTree = "<group>"; };
		85B358E425FF80CF003A02D4 /* GCDWebServerFileRequest.h */ = {isa = PBXFileReference; fileEncoding = 4; lastKnownFileType = sourcecode.c.h; path = GCDWebServerFileRequest.h; sourceTree = "<group>"; };
		85B358E525FF80CF003A02D4 /* GCDWebServerURLEncodedFormRequest.m */ = {isa = PBXFileReference; fileEncoding = 4; lastKnownFileType = sourcecode.c.objc; path = GCDWebServerURLEncodedFormRequest.m; sourceTree = "<group>"; };
		85B358E625FF80CF003A02D4 /* GCDWebServerMultiPartFormRequest.m */ = {isa = PBXFileReference; fileEncoding = 4; lastKnownFileType = sourcecode.c.objc; path = GCDWebServerMultiPartFormRequest.m; sourceTree = "<group>"; };
		85B358E725FF80CF003A02D4 /* GCDWebServerDataRequest.m */ = {isa = PBXFileReference; fileEncoding = 4; lastKnownFileType = sourcecode.c.objc; path = GCDWebServerDataRequest.m; sourceTree = "<group>"; };
		85B358E825FF80CF003A02D4 /* GCDWebServerFileRequest.m */ = {isa = PBXFileReference; fileEncoding = 4; lastKnownFileType = sourcecode.c.objc; path = GCDWebServerFileRequest.m; sourceTree = "<group>"; };
		85B358E925FF80CF003A02D4 /* GCDWebServerURLEncodedFormRequest.h */ = {isa = PBXFileReference; fileEncoding = 4; lastKnownFileType = sourcecode.c.h; path = GCDWebServerURLEncodedFormRequest.h; sourceTree = "<group>"; };
		F60690131CA2766F0003FB26 /* libRealmReact.a */ = {isa = PBXFileReference; explicitFileType = archive.ar; includeInIndex = 0; path = libRealmReact.a; sourceTree = BUILT_PRODUCTS_DIR; };
		F60690161CA2766F0003FB26 /* RealmReact.h */ = {isa = PBXFileReference; lastKnownFileType = sourcecode.c.h; path = RealmReact.h; sourceTree = "<group>"; };
		F60690181CA2766F0003FB26 /* RealmReact.mm */ = {isa = PBXFileReference; lastKnownFileType = sourcecode.cpp.objcpp; path = RealmReact.mm; sourceTree = "<group>"; };
		F606901F1CA277410003FB26 /* RealmAnalytics.h */ = {isa = PBXFileReference; fileEncoding = 4; lastKnownFileType = sourcecode.c.h; path = RealmAnalytics.h; sourceTree = "<group>"; };
		F60690201CA277410003FB26 /* RealmAnalytics.mm */ = {isa = PBXFileReference; fileEncoding = 4; lastKnownFileType = sourcecode.cpp.objcpp; path = RealmAnalytics.mm; sourceTree = "<group>"; };
/* End PBXFileReference section */

/* Begin PBXFrameworksBuildPhase section */
		85B358B825FF8070003A02D4 /* Frameworks */ = {
			isa = PBXFrameworksBuildPhase;
			buildActionMask = 2147483647;
			files = (
			);
			runOnlyForDeploymentPostprocessing = 0;
		};
		85CA5FE41F1536660038172D /* Frameworks */ = {
			isa = PBXFrameworksBuildPhase;
			buildActionMask = 2147483647;
			files = (
				85B358F925FF80DB003A02D4 /* libGCDWebServer.a in Frameworks */,
				85B3572725FEB5B9003A02D4 /* realm-js-ios.xcframework in Frameworks */,
			);
			runOnlyForDeploymentPostprocessing = 0;
		};
/* End PBXFrameworksBuildPhase section */

/* Begin PBXGroup section */
		85B3572525FEB5B8003A02D4 /* Frameworks */ = {
			isa = PBXGroup;
			children = (
				85B3572625FEB5B9003A02D4 /* realm-js-ios.xcframework */,
			);
			name = Frameworks;
			sourceTree = "<group>";
		};
		85B358BC25FF8070003A02D4 /* GCDWebServer */ = {
			isa = PBXGroup;
			children = (
				85B358CB25FF80CF003A02D4 /* Core */,
				85B358E125FF80CF003A02D4 /* Requests */,
				85B358D825FF80CF003A02D4 /* Responses */,
			);
			path = GCDWebServer;
			sourceTree = "<group>";
		};
		85B358CB25FF80CF003A02D4 /* Core */ = {
			isa = PBXGroup;
			children = (
				85B358CC25FF80CF003A02D4 /* GCDWebServerFunctions.h */,
				85B358CD25FF80CF003A02D4 /* GCDWebServerPrivate.h */,
				85B358CE25FF80CF003A02D4 /* GCDWebServerResponse.m */,
				85B358CF25FF80CF003A02D4 /* GCDWebServerConnection.h */,
				85B358D025FF80CF003A02D4 /* GCDWebServer.h */,
				85B358D125FF80CF003A02D4 /* GCDWebServerRequest.m */,
				85B358D225FF80CF003A02D4 /* GCDWebServerHTTPStatusCodes.h */,
				85B358D325FF80CF003A02D4 /* GCDWebServerResponse.h */,
				85B358D425FF80CF003A02D4 /* GCDWebServerFunctions.m */,
				85B358D525FF80CF003A02D4 /* GCDWebServer.m */,
				85B358D625FF80CF003A02D4 /* GCDWebServerConnection.m */,
				85B358D725FF80CF003A02D4 /* GCDWebServerRequest.h */,
			);
			name = Core;
			path = ../../../vendor/GCDWebServer/GCDWebServer/Core;
			sourceTree = "<group>";
		};
		85B358D825FF80CF003A02D4 /* Responses */ = {
			isa = PBXGroup;
			children = (
				85B358D925FF80CF003A02D4 /* GCDWebServerFileResponse.h */,
				85B358DA25FF80CF003A02D4 /* GCDWebServerStreamedResponse.h */,
				85B358DB25FF80CF003A02D4 /* GCDWebServerErrorResponse.m */,
				85B358DC25FF80CF003A02D4 /* GCDWebServerDataResponse.h */,
				85B358DD25FF80CF003A02D4 /* GCDWebServerFileResponse.m */,
				85B358DE25FF80CF003A02D4 /* GCDWebServerDataResponse.m */,
				85B358DF25FF80CF003A02D4 /* GCDWebServerErrorResponse.h */,
				85B358E025FF80CF003A02D4 /* GCDWebServerStreamedResponse.m */,
			);
			name = Responses;
			path = ../../../vendor/GCDWebServer/GCDWebServer/Responses;
			sourceTree = "<group>";
		};
		85B358E125FF80CF003A02D4 /* Requests */ = {
			isa = PBXGroup;
			children = (
				85B358E225FF80CF003A02D4 /* GCDWebServerDataRequest.h */,
				85B358E325FF80CF003A02D4 /* GCDWebServerMultiPartFormRequest.h */,
				85B358E425FF80CF003A02D4 /* GCDWebServerFileRequest.h */,
				85B358E525FF80CF003A02D4 /* GCDWebServerURLEncodedFormRequest.m */,
				85B358E625FF80CF003A02D4 /* GCDWebServerMultiPartFormRequest.m */,
				85B358E725FF80CF003A02D4 /* GCDWebServerDataRequest.m */,
				85B358E825FF80CF003A02D4 /* GCDWebServerFileRequest.m */,
				85B358E925FF80CF003A02D4 /* GCDWebServerURLEncodedFormRequest.h */,
			);
			name = Requests;
			path = ../../../vendor/GCDWebServer/GCDWebServer/Requests;
			sourceTree = "<group>";
		};
		F606900A1CA2766F0003FB26 = {
			isa = PBXGroup;
			children = (
				F60690221CA277BE0003FB26 /* Libraries */,
				F60690151CA2766F0003FB26 /* RealmReact */,
				F60690141CA2766F0003FB26 /* Products */,
				85B3572525FEB5B8003A02D4 /* Frameworks */,
			);
			sourceTree = "<group>";
		};
		F60690141CA2766F0003FB26 /* Products */ = {
			isa = PBXGroup;
			children = (
				F60690131CA2766F0003FB26 /* libRealmReact.a */,
				85B358BB25FF8070003A02D4 /* libGCDWebServer.a */,
			);
			name = Products;
			sourceTree = "<group>";
		};
		F60690151CA2766F0003FB26 /* RealmReact */ = {
			isa = PBXGroup;
			children = (
				F606901F1CA277410003FB26 /* RealmAnalytics.h */,
				F60690201CA277410003FB26 /* RealmAnalytics.mm */,
				F60690161CA2766F0003FB26 /* RealmReact.h */,
				F60690181CA2766F0003FB26 /* RealmReact.mm */,
				3F8D968A220CE21400327C8C /* RealmReact.xcconfig */,
			);
			path = RealmReact;
			sourceTree = "<group>";
		};
		F60690221CA277BE0003FB26 /* Libraries */ = {
			isa = PBXGroup;
			children = (
				85B358BC25FF8070003A02D4 /* GCDWebServer */,
			);
			name = Libraries;
			sourceTree = "<group>";
		};
/* End PBXGroup section */

/* Begin PBXNativeTarget section */
		85B358BA25FF8070003A02D4 /* GCDWebServer */ = {
			isa = PBXNativeTarget;
			buildConfigurationList = 85B358C125FF8070003A02D4 /* Build configuration list for PBXNativeTarget "GCDWebServer" */;
			buildPhases = (
				85B358B725FF8070003A02D4 /* Sources */,
				85B358B825FF8070003A02D4 /* Frameworks */,
				85B358B925FF8070003A02D4 /* CopyFiles */,
			);
			buildRules = (
			);
			dependencies = (
			);
			name = GCDWebServer;
			productName = GCDWebServer;
			productReference = 85B358BB25FF8070003A02D4 /* libGCDWebServer.a */;
			productType = "com.apple.product-type.library.static";
		};
		F60690121CA2766F0003FB26 /* RealmReact */ = {
			isa = PBXNativeTarget;
			buildConfigurationList = F606901C1CA2766F0003FB26 /* Build configuration list for PBXNativeTarget "RealmReact" */;
			buildPhases = (
				F606900F1CA2766F0003FB26 /* Sources */,
				F60690111CA2766F0003FB26 /* Copy Headers */,
				85CA5FE41F1536660038172D /* Frameworks */,
			);
			buildRules = (
			);
			dependencies = (
			);
			name = RealmReact;
			productName = RealmReact;
			productReference = F60690131CA2766F0003FB26 /* libRealmReact.a */;
			productType = "com.apple.product-type.library.static";
		};
/* End PBXNativeTarget section */

/* Begin PBXProject section */
		F606900B1CA2766F0003FB26 /* Project object */ = {
			isa = PBXProject;
			attributes = {
				LastUpgradeCheck = 1010;
				ORGANIZATIONNAME = Realm;
				TargetAttributes = {
					85B358BA25FF8070003A02D4 = {
						CreatedOnToolsVersion = 12.4;
					};
					F60690121CA2766F0003FB26 = {
						CreatedOnToolsVersion = 7.3;
					};
				};
			};
			buildConfigurationList = F606900E1CA2766F0003FB26 /* Build configuration list for PBXProject "RealmReact" */;
			compatibilityVersion = "Xcode 3.2";
			developmentRegion = English;
			hasScannedForEncodings = 0;
			knownRegions = (
				English,
				en,
			);
			mainGroup = F606900A1CA2766F0003FB26;
			productRefGroup = F60690141CA2766F0003FB26 /* Products */;
			projectDirPath = "";
			projectRoot = "";
			targets = (
				F60690121CA2766F0003FB26 /* RealmReact */,
				85B358BA25FF8070003A02D4 /* GCDWebServer */,
			);
		};
/* End PBXProject section */

/* Begin PBXSourcesBuildPhase section */
		85B358B725FF8070003A02D4 /* Sources */ = {
			isa = PBXSourcesBuildPhase;
			buildActionMask = 2147483647;
			files = (
				85B358F425FF80CF003A02D4 /* GCDWebServerMultiPartFormRequest.m in Sources */,
				85B358EF25FF80CF003A02D4 /* GCDWebServerErrorResponse.m in Sources */,
				85B358F525FF80CF003A02D4 /* GCDWebServerDataRequest.m in Sources */,
				85B358F125FF80CF003A02D4 /* GCDWebServerDataResponse.m in Sources */,
				85B358ED25FF80CF003A02D4 /* GCDWebServer.m in Sources */,
				85B358EB25FF80CF003A02D4 /* GCDWebServerRequest.m in Sources */,
				85B358F025FF80CF003A02D4 /* GCDWebServerFileResponse.m in Sources */,
				85B358EE25FF80CF003A02D4 /* GCDWebServerConnection.m in Sources */,
				85B358F225FF80CF003A02D4 /* GCDWebServerStreamedResponse.m in Sources */,
				85B358F325FF80CF003A02D4 /* GCDWebServerURLEncodedFormRequest.m in Sources */,
				85B358EA25FF80CF003A02D4 /* GCDWebServerResponse.m in Sources */,
				85B358EC25FF80CF003A02D4 /* GCDWebServerFunctions.m in Sources */,
				85B358F625FF80CF003A02D4 /* GCDWebServerFileRequest.m in Sources */,
			);
			runOnlyForDeploymentPostprocessing = 0;
		};
		F606900F1CA2766F0003FB26 /* Sources */ = {
			isa = PBXSourcesBuildPhase;
			buildActionMask = 2147483647;
			files = (
				F60690211CA277410003FB26 /* RealmAnalytics.mm in Sources */,
				F60690191CA2766F0003FB26 /* RealmReact.mm in Sources */,
			);
			runOnlyForDeploymentPostprocessing = 0;
		};
/* End PBXSourcesBuildPhase section */

/* Begin XCBuildConfiguration section */
		85B358C225FF8070003A02D4 /* Debug */ = {
			isa = XCBuildConfiguration;
			buildSettings = {
				CLANG_ANALYZER_NUMBER_OBJECT_CONVERSION = YES_AGGRESSIVE;
				CLANG_CXX_LANGUAGE_STANDARD = "gnu++14";
				CLANG_ENABLE_OBJC_WEAK = YES;
				CLANG_WARN_DOCUMENTATION_COMMENTS = YES;
				CLANG_WARN_QUOTED_INCLUDE_IN_FRAMEWORK_HEADER = YES;
				CLANG_WARN_UNGUARDED_AVAILABILITY = YES_AGGRESSIVE;
				CODE_SIGN_STYLE = Automatic;
				GCC_C_LANGUAGE_STANDARD = gnu11;
				GCC_DYNAMIC_NO_PIC = NO;
				MTL_ENABLE_DEBUG_INFO = INCLUDE_SOURCE;
				MTL_FAST_MATH = YES;
				OTHER_LDFLAGS = "-ObjC";
				PRODUCT_NAME = "$(TARGET_NAME)";
				SKIP_INSTALL = YES;
			};
			name = Debug;
		};
		85B358C325FF8070003A02D4 /* Release */ = {
			isa = XCBuildConfiguration;
			buildSettings = {
				CLANG_ANALYZER_NUMBER_OBJECT_CONVERSION = YES_AGGRESSIVE;
				CLANG_CXX_LANGUAGE_STANDARD = "gnu++14";
				CLANG_ENABLE_OBJC_WEAK = YES;
				CLANG_WARN_DOCUMENTATION_COMMENTS = YES;
				CLANG_WARN_QUOTED_INCLUDE_IN_FRAMEWORK_HEADER = YES;
				CLANG_WARN_UNGUARDED_AVAILABILITY = YES_AGGRESSIVE;
				CODE_SIGN_STYLE = Automatic;
				ENABLE_NS_ASSERTIONS = NO;
				GCC_C_LANGUAGE_STANDARD = gnu11;
				MTL_FAST_MATH = YES;
				OTHER_LDFLAGS = "-ObjC";
				PRODUCT_NAME = "$(TARGET_NAME)";
				SKIP_INSTALL = YES;
			};
			name = Release;
		};
		F606901A1CA2766F0003FB26 /* Debug */ = {
			isa = XCBuildConfiguration;
			baseConfigurationReference = 3F8D968A220CE21400327C8C /* RealmReact.xcconfig */;
			buildSettings = {
				ALWAYS_SEARCH_USER_PATHS = NO;
				CC = "$(SRCROOT)/../../scripts/ccache-clang.sh";
				CLANG_ANALYZER_NONNULL = YES;
				CLANG_CXX_LANGUAGE_STANDARD = "c++17";
				CLANG_CXX_LIBRARY = "libc++";
				CLANG_ENABLE_MODULES = YES;
				CLANG_ENABLE_OBJC_ARC = YES;
				CLANG_WARN_BLOCK_CAPTURE_AUTORELEASING = YES;
				CLANG_WARN_BOOL_CONVERSION = YES;
				CLANG_WARN_COMMA = YES;
				CLANG_WARN_CONSTANT_CONVERSION = YES;
				CLANG_WARN_DEPRECATED_OBJC_IMPLEMENTATIONS = YES;
				CLANG_WARN_DIRECT_OBJC_ISA_USAGE = YES_ERROR;
				CLANG_WARN_EMPTY_BODY = YES;
				CLANG_WARN_ENUM_CONVERSION = YES;
				CLANG_WARN_INFINITE_RECURSION = YES;
				CLANG_WARN_INT_CONVERSION = YES;
				CLANG_WARN_NON_LITERAL_NULL_CONVERSION = YES;
				CLANG_WARN_OBJC_IMPLICIT_RETAIN_SELF = YES;
				CLANG_WARN_OBJC_LITERAL_CONVERSION = YES;
				CLANG_WARN_OBJC_ROOT_CLASS = YES_ERROR;
				CLANG_WARN_RANGE_LOOP_ANALYSIS = YES;
				CLANG_WARN_STRICT_PROTOTYPES = YES;
				CLANG_WARN_SUSPICIOUS_MOVE = YES;
				CLANG_WARN_UNREACHABLE_CODE = YES;
				CLANG_WARN__DUPLICATE_METHOD_MATCH = YES;
				"CODE_SIGN_IDENTITY[sdk=iphoneos*]" = "iPhone Developer";
				COPY_PHASE_STRIP = NO;
				CURRENT_PROJECT_VERSION = 10.24.0;
				CXX = "$(SRCROOT)/../../scripts/ccache-clang++.sh";
				DEBUG_INFORMATION_FORMAT = dwarf;
				ENABLE_STRICT_OBJC_MSGSEND = YES;
				ENABLE_TESTABILITY = YES;
				GCC_C_LANGUAGE_STANDARD = gnu99;
				GCC_NO_COMMON_BLOCKS = YES;
				GCC_OPTIMIZATION_LEVEL = 0;
				GCC_PREPROCESSOR_DEFINITIONS = (
					"DEBUG=1",
					"$(inherited)",
				);
				GCC_WARN_64_TO_32_BIT_CONVERSION = YES;
				GCC_WARN_ABOUT_RETURN_TYPE = YES_ERROR;
				GCC_WARN_UNDECLARED_SELECTOR = YES;
				GCC_WARN_UNINITIALIZED_AUTOS = YES_AGGRESSIVE;
				GCC_WARN_UNUSED_FUNCTION = YES;
				GCC_WARN_UNUSED_VARIABLE = YES;
				IPHONEOS_DEPLOYMENT_TARGET = 12.0;
				MTL_ENABLE_DEBUG_INFO = YES;
				ONLY_ACTIVE_ARCH = YES;
				OTHER_CPLUSPLUSFLAGS = (
					"$(OTHER_CFLAGS)",
					"-isystem",
					../../core/include,
				);
				SDKROOT = iphoneos;
				STRIP_INSTALLED_PRODUCT = NO;
				VERSIONING_SYSTEM = "apple-generic";
			};
			name = Debug;
		};
		F606901B1CA2766F0003FB26 /* Release */ = {
			isa = XCBuildConfiguration;
			baseConfigurationReference = 3F8D968A220CE21400327C8C /* RealmReact.xcconfig */;
			buildSettings = {
				ALWAYS_SEARCH_USER_PATHS = NO;
				CC = "$(SRCROOT)/../../scripts/ccache-clang.sh";
				CLANG_ANALYZER_NONNULL = YES;
				CLANG_CXX_LANGUAGE_STANDARD = "c++17";
				CLANG_CXX_LIBRARY = "libc++";
				CLANG_ENABLE_MODULES = YES;
				CLANG_ENABLE_OBJC_ARC = YES;
				CLANG_WARN_BLOCK_CAPTURE_AUTORELEASING = YES;
				CLANG_WARN_BOOL_CONVERSION = YES;
				CLANG_WARN_COMMA = YES;
				CLANG_WARN_CONSTANT_CONVERSION = YES;
				CLANG_WARN_DEPRECATED_OBJC_IMPLEMENTATIONS = YES;
				CLANG_WARN_DIRECT_OBJC_ISA_USAGE = YES_ERROR;
				CLANG_WARN_EMPTY_BODY = YES;
				CLANG_WARN_ENUM_CONVERSION = YES;
				CLANG_WARN_INFINITE_RECURSION = YES;
				CLANG_WARN_INT_CONVERSION = YES;
				CLANG_WARN_NON_LITERAL_NULL_CONVERSION = YES;
				CLANG_WARN_OBJC_IMPLICIT_RETAIN_SELF = YES;
				CLANG_WARN_OBJC_LITERAL_CONVERSION = YES;
				CLANG_WARN_OBJC_ROOT_CLASS = YES_ERROR;
				CLANG_WARN_RANGE_LOOP_ANALYSIS = YES;
				CLANG_WARN_STRICT_PROTOTYPES = YES;
				CLANG_WARN_SUSPICIOUS_MOVE = YES;
				CLANG_WARN_UNREACHABLE_CODE = YES;
				CLANG_WARN__DUPLICATE_METHOD_MATCH = YES;
				"CODE_SIGN_IDENTITY[sdk=iphoneos*]" = "iPhone Developer";
				COPY_PHASE_STRIP = NO;
				CURRENT_PROJECT_VERSION = 10.24.0;
				CXX = "$(SRCROOT)/../../scripts/ccache-clang++.sh";
				DEBUG_INFORMATION_FORMAT = "dwarf-with-dsym";
				ENABLE_STRICT_OBJC_MSGSEND = YES;
				GCC_C_LANGUAGE_STANDARD = gnu99;
				GCC_NO_COMMON_BLOCKS = YES;
				GCC_WARN_64_TO_32_BIT_CONVERSION = YES;
				GCC_WARN_ABOUT_RETURN_TYPE = YES_ERROR;
				GCC_WARN_UNDECLARED_SELECTOR = YES;
				GCC_WARN_UNINITIALIZED_AUTOS = YES_AGGRESSIVE;
				GCC_WARN_UNUSED_FUNCTION = YES;
				GCC_WARN_UNUSED_VARIABLE = YES;
				IPHONEOS_DEPLOYMENT_TARGET = 12.0;
				MTL_ENABLE_DEBUG_INFO = NO;
				OTHER_CPLUSPLUSFLAGS = (
					"$(OTHER_CFLAGS)",
					"-isystem",
					../../core/include,
				);
				SDKROOT = iphoneos;
				STRIP_INSTALLED_PRODUCT = NO;
				VALIDATE_PRODUCT = YES;
				VERSIONING_SYSTEM = "apple-generic";
			};
			name = Release;
		};
		F606901D1CA2766F0003FB26 /* Debug */ = {
			isa = XCBuildConfiguration;
			buildSettings = {
				HEADER_SEARCH_PATHS = (
					"$(inherited)",
					"$(SRCROOT)/../../../react-native/React/**",
					"$(SRCROOT)/../../../../ios/Pods/Headers/Public/**",
					"$(SRCROOT)/../../tests/ReactTestApp/ios/Pods/Headers/Public/React",
					"$(SRCROOT)/../../examples/ReactExample/node_modules/react-native/React/**",
				);
				LIBRARY_SEARCH_PATHS = (
					"$(inherited)",
					"$(PROJECT_DIR)",
				);
				PRODUCT_NAME = "$(TARGET_NAME)";
				SKIP_INSTALL = YES;
			};
			name = Debug;
		};
		F606901E1CA2766F0003FB26 /* Release */ = {
			isa = XCBuildConfiguration;
			buildSettings = {
				HEADER_SEARCH_PATHS = (
					"$(inherited)",
					"$(SRCROOT)/../../../react-native/React/**",
					"$(SRCROOT)/../../../../ios/Pods/Headers/Public/**",
					"$(SRCROOT)/../../tests/ReactTestApp/ios/Pods/Headers/Public/React",
					"$(SRCROOT)/../../examples/ReactExample/node_modules/react-native/React/**",
				);
				LIBRARY_SEARCH_PATHS = (
					"$(inherited)",
					"$(PROJECT_DIR)",
				);
				PRODUCT_NAME = "$(TARGET_NAME)";
				SKIP_INSTALL = YES;
			};
			name = Release;
		};
/* End XCBuildConfiguration section */

/* Begin XCConfigurationList section */
		85B358C125FF8070003A02D4 /* Build configuration list for PBXNativeTarget "GCDWebServer" */ = {
			isa = XCConfigurationList;
			buildConfigurations = (
				85B358C225FF8070003A02D4 /* Debug */,
				85B358C325FF8070003A02D4 /* Release */,
			);
			defaultConfigurationIsVisible = 0;
			defaultConfigurationName = Release;
		};
		F606900E1CA2766F0003FB26 /* Build configuration list for PBXProject "RealmReact" */ = {
			isa = XCConfigurationList;
			buildConfigurations = (
				F606901A1CA2766F0003FB26 /* Debug */,
				F606901B1CA2766F0003FB26 /* Release */,
			);
			defaultConfigurationIsVisible = 0;
			defaultConfigurationName = Release;
		};
		F606901C1CA2766F0003FB26 /* Build configuration list for PBXNativeTarget "RealmReact" */ = {
			isa = XCConfigurationList;
			buildConfigurations = (
				F606901D1CA2766F0003FB26 /* Debug */,
				F606901E1CA2766F0003FB26 /* Release */,
			);
			defaultConfigurationIsVisible = 0;
			defaultConfigurationName = Release;
		};
/* End XCConfigurationList section */
	};
	rootObject = F606900B1CA2766F0003FB26 /* Project object */;
}
